# requirements.lock — EXACT pinned versions reproducing the validated environment.
#
# Source of truth: the environment in which Phase 0-2.6 were executed and
# verified (see results/audits/environment.json and scripts/record_env.py).
# These are reproducibility constraints, NOT an upgrade/downgrade policy.
# Install with:  pip install -r requirements.lock
#
# Python: 3.14.6 (CPython, Windows-11 / AMD64)

# Core scientific stack
numpy==2.5.3
pandas==3.0.6
scipy==1.18.1
scikit-learn==1.9.1
matplotlib==3.11.2
pyyaml==6.0.3

# Runtime data/serialization dependencies (recorded in the manifest and
# environment snapshot; historically omitted from environment.json).
pyarrow==25.0.1
joblib==1.6.0

# Development / test
pytest==9.1.1
